
Microsoft Visual Studio Solution File, Format Version 12.00
# Visual Studio Version 17
Project("{8BC9CEB8-8B4A-11D0-8D11-00A0C91BC942}") = "ALL_BUILD", "ALL_BUILD.vcxproj", "{E0F014B5-B064-3B87-B8BF-1C732F22D9F3}"
	ProjectSection(ProjectDependencies) = postProject
		{B52F85D0-DFE4-36FA-849D-6B68A0D301DA} = {B52F85D0-DFE4-36FA-849D-6B68A0D301DA}
		{E9330321-0A95-3E81-9BEC-6DEBF36BA17D} = {E9330321-0A95-3E81-9BEC-6DEBF36BA17D}
		{12C50A6F-2FEA-3F97-BC21-D85FF6CC869C} = {12C50A6F-2FEA-3F97-BC21-D85FF6CC869C}
		{2F5CC573-ADCB-307D-893D-CA9D63F4EA7C} = {2F5CC573-ADCB-307D-893D-CA9D63F4EA7C}
		{8F345698-3F54-3D28-8246-8C6CF491A6CD} = {8F345698-3F54-3D28-8246-8C6CF491A6CD}
		{55C5791B-8C80-353C-88B9-4A1AEED4407E} = {55C5791B-8C80-353C-88B9-4A1AEED4407E}
		{77D4AD70-8874-38B9-8D80-5D879940AFD0} = {77D4AD70-8874-38B9-8D80-5D879940AFD0}
		{33D9696A-66FB-34A7-AA1B-92B68C019A42} = {33D9696A-66FB-34A7-AA1B-92B68C019A42}
		{70A8D49E-54B3-3BD4-82EC-B895F6375DEF} = {70A8D49E-54B3-3BD4-82EC-B895F6375DEF}
		{86C1F774-A0F9-36A8-8513-BD502B9C66C5} = {86C1F774-A0F9-36A8-8513-BD502B9C66C5}
		{8EA0EED3-39B9-332A-A32E-EC9F07FC8D4E} = {8EA0EED3-39B9-332A-A32E-EC9F07FC8D4E}
		{6442B549-EA04-3C43-A160-C4FF7580A5B7} = {6442B549-EA04-3C43-A160-C4FF7580A5B7}
		{9A730041-B556-3684-B29F-9138F1039546} = {9A730041-B556-3684-B29F-9138F1039546}
		{CB6566F1-C2CA-349C-8383-E676A24C1B66} = {CB6566F1-C2CA-349C-8383-E676A24C1B66}
		{6F6C8C6E-F5F2-3ADC-B4A8-E95C149C6CC1} = {6F6C8C6E-F5F2-3ADC-B4A8-E95C149C6CC1}
		{92A314F8-BC3C-3971-A3C1-C51DB6ED2821} = {92A314F8-BC3C-3971-A3C1-C51DB6ED2821}
	EndProjectSection
EndProject
Project("{8BC9CEB8-8B4A-11D0-8D11-00A0C91BC942}") = "1DPipes", "Source\1DPipes\1DPipes.vcxproj", "{B52F85D0-DFE4-36FA-849D-6B68A0D301DA}"
	ProjectSection(ProjectDependencies) = postProject
		{92A314F8-BC3C-3971-A3C1-C51DB6ED2821} = {92A314F8-BC3C-3971-A3C1-C51DB6ED2821}
	EndProjectSection
EndProject
Project("{8BC9CEB8-8B4A-11D0-8D11-00A0C91BC942}") = "Act", "Source\Act\Act.vcxproj", "{E9330321-0A95-3E81-9BEC-6DEBF36BA17D}"
	ProjectSection(ProjectDependencies) = postProject
		{92A314F8-BC3C-3971-A3C1-C51DB6ED2821} = {92A314F8-BC3C-3971-A3C1-C51DB6ED2821}
	EndProjectSection
EndProject
Project("{8BC9CEB8-8B4A-11D0-8D11-00A0C91BC942}") = "Boundaries", "Source\Boundaries\Boundaries.vcxproj", "{12C50A6F-2FEA-3F97-BC21-D85FF6CC869C}"
	ProjectSection(ProjectDependencies) = postProject
		{92A314F8-BC3C-3971-A3C1-C51DB6ED2821} = {92A314F8-BC3C-3971-A3C1-C51DB6ED2821}
	EndProjectSection
EndProject
Project("{8BC9CEB8-8B4A-11D0-8D11-00A0C91BC942}") = "Connections", "Source\Connections\Connections.vcxproj", "{2F5CC573-ADCB-307D-893D-CA9D63F4EA7C}"
	ProjectSection(ProjectDependencies) = postProject
		{92A314F8-BC3C-3971-A3C1-C51DB6ED2821} = {92A314F8-BC3C-3971-A3C1-C51DB6ED2821}
	EndProjectSection
EndProject
Project("{8BC9CEB8-8B4A-11D0-8D11-00A0C91BC942}") = "Control", "Source\Control\Control.vcxproj", "{8F345698-3F54-3D28-8246-8C6CF491A6CD}"
	ProjectSection(ProjectDependencies) = postProject
		{92A314F8-BC3C-3971-A3C1-C51DB6ED2821} = {92A314F8-BC3C-3971-A3C1-C51DB6ED2821}
	EndProjectSection
EndProject
Project("{8BC9CEB8-8B4A-11D0-8D11-00A0C91BC942}") = "DPF", "Source\DPF\DPF.vcxproj", "{55C5791B-8C80-353C-88B9-4A1AEED4407E}"
	ProjectSection(ProjectDependencies) = postProject
		{E9330321-0A95-3E81-9BEC-6DEBF36BA17D} = {E9330321-0A95-3E81-9BEC-6DEBF36BA17D}
		{77D4AD70-8874-38B9-8D80-5D879940AFD0} = {77D4AD70-8874-38B9-8D80-5D879940AFD0}
		{92A314F8-BC3C-3971-A3C1-C51DB6ED2821} = {92A314F8-BC3C-3971-A3C1-C51DB6ED2821}
	EndProjectSection
EndProject
Project("{8BC9CEB8-8B4A-11D0-8D11-00A0C91BC942}") = "Engine", "Source\Engine\Engine.vcxproj", "{77D4AD70-8874-38B9-8D80-5D879940AFD0}"
	ProjectSection(ProjectDependencies) = postProject
		{E9330321-0A95-3E81-9BEC-6DEBF36BA17D} = {E9330321-0A95-3E81-9BEC-6DEBF36BA17D}
		{92A314F8-BC3C-3971-A3C1-C51DB6ED2821} = {92A314F8-BC3C-3971-A3C1-C51DB6ED2821}
	EndProjectSection
EndProject
Project("{8BC9CEB8-8B4A-11D0-8D11-00A0C91BC942}") = "Extern", "Source\Extern\Extern.vcxproj", "{33D9696A-66FB-34A7-AA1B-92B68C019A42}"
	ProjectSection(ProjectDependencies) = postProject
		{92A314F8-BC3C-3971-A3C1-C51DB6ED2821} = {92A314F8-BC3C-3971-A3C1-C51DB6ED2821}
	EndProjectSection
EndProject
Project("{8BC9CEB8-8B4A-11D0-8D11-00A0C91BC942}") = "Labels", "Source\Labels\Labels.vcxproj", "{70A8D49E-54B3-3BD4-82EC-B895F6375DEF}"
	ProjectSection(ProjectDependencies) = postProject
		{92A314F8-BC3C-3971-A3C1-C51DB6ED2821} = {92A314F8-BC3C-3971-A3C1-C51DB6ED2821}
	EndProjectSection
EndProject
Project("{8BC9CEB8-8B4A-11D0-8D11-00A0C91BC942}") = "Math_wam", "Source\Math_wam\Math_wam.vcxproj", "{86C1F774-A0F9-36A8-8513-BD502B9C66C5}"
	ProjectSection(ProjectDependencies) = postProject
		{92A314F8-BC3C-3971-A3C1-C51DB6ED2821} = {92A314F8-BC3C-3971-A3C1-C51DB6ED2821}
	EndProjectSection
EndProject
Project("{8BC9CEB8-8B4A-11D0-8D11-00A0C91BC942}") = "ODModels", "Source\ODModels\ODModels.vcxproj", "{8EA0EED3-39B9-332A-A32E-EC9F07FC8D4E}"
	ProjectSection(ProjectDependencies) = postProject
		{92A314F8-BC3C-3971-A3C1-C51DB6ED2821} = {92A314F8-BC3C-3971-A3C1-C51DB6ED2821}
	EndProjectSection
EndProject
Project("{8BC9CEB8-8B4A-11D0-8D11-00A0C91BC942}") = "OpenWAM", "Source\OpenWAM.vcxproj", "{6442B549-EA04-3C43-A160-C4FF7580A5B7}"
	ProjectSection(ProjectDependencies) = postProject
		{B52F85D0-DFE4-36FA-849D-6B68A0D301DA} = {B52F85D0-DFE4-36FA-849D-6B68A0D301DA}
		{E9330321-0A95-3E81-9BEC-6DEBF36BA17D} = {E9330321-0A95-3E81-9BEC-6DEBF36BA17D}
		{12C50A6F-2FEA-3F97-BC21-D85FF6CC869C} = {12C50A6F-2FEA-3F97-BC21-D85FF6CC869C}
		{2F5CC573-ADCB-307D-893D-CA9D63F4EA7C} = {2F5CC573-ADCB-307D-893D-CA9D63F4EA7C}
		{8F345698-3F54-3D28-8246-8C6CF491A6CD} = {8F345698-3F54-3D28-8246-8C6CF491A6CD}
		{55C5791B-8C80-353C-88B9-4A1AEED4407E} = {55C5791B-8C80-353C-88B9-4A1AEED4407E}
		{77D4AD70-8874-38B9-8D80-5D879940AFD0} = {77D4AD70-8874-38B9-8D80-5D879940AFD0}
		{33D9696A-66FB-34A7-AA1B-92B68C019A42} = {33D9696A-66FB-34A7-AA1B-92B68C019A42}
		{70A8D49E-54B3-3BD4-82EC-B895F6375DEF} = {70A8D49E-54B3-3BD4-82EC-B895F6375DEF}
		{86C1F774-A0F9-36A8-8513-BD502B9C66C5} = {86C1F774-A0F9-36A8-8513-BD502B9C66C5}
		{8EA0EED3-39B9-332A-A32E-EC9F07FC8D4E} = {8EA0EED3-39B9-332A-A32E-EC9F07FC8D4E}
		{9A730041-B556-3684-B29F-9138F1039546} = {9A730041-B556-3684-B29F-9138F1039546}
		{CB6566F1-C2CA-349C-8383-E676A24C1B66} = {CB6566F1-C2CA-349C-8383-E676A24C1B66}
		{6F6C8C6E-F5F2-3ADC-B4A8-E95C149C6CC1} = {6F6C8C6E-F5F2-3ADC-B4A8-E95C149C6CC1}
		{92A314F8-BC3C-3971-A3C1-C51DB6ED2821} = {92A314F8-BC3C-3971-A3C1-C51DB6ED2821}
	EndProjectSection
EndProject
Project("{8BC9CEB8-8B4A-11D0-8D11-00A0C91BC942}") = "Output", "Source\Output\Output.vcxproj", "{9A730041-B556-3684-B29F-9138F1039546}"
	ProjectSection(ProjectDependencies) = postProject
		{92A314F8-BC3C-3971-A3C1-C51DB6ED2821} = {92A314F8-BC3C-3971-A3C1-C51DB6ED2821}
	EndProjectSection
EndProject
Project("{8BC9CEB8-8B4A-11D0-8D11-00A0C91BC942}") = "Turbocompressor", "Source\Turbocompressor\Turbocompressor.vcxproj", "{CB6566F1-C2CA-349C-8383-E676A24C1B66}"
	ProjectSection(ProjectDependencies) = postProject
		{92A314F8-BC3C-3971-A3C1-C51DB6ED2821} = {92A314F8-BC3C-3971-A3C1-C51DB6ED2821}
	EndProjectSection
EndProject
Project("{8BC9CEB8-8B4A-11D0-8D11-00A0C91BC942}") = "Wrappers", "Source\Wrappers\Wrappers.vcxproj", "{6F6C8C6E-F5F2-3ADC-B4A8-E95C149C6CC1}"
	ProjectSection(ProjectDependencies) = postProject
		{92A314F8-BC3C-3971-A3C1-C51DB6ED2821} = {92A314F8-BC3C-3971-A3C1-C51DB6ED2821}
	EndProjectSection
EndProject
Project("{8BC9CEB8-8B4A-11D0-8D11-00A0C91BC942}") = "ZERO_CHECK", "ZERO_CHECK.vcxproj", "{92A314F8-BC3C-3971-A3C1-C51DB6ED2821}"
	ProjectSection(ProjectDependencies) = postProject
	EndProjectSection
EndProject
Global
	GlobalSection(SolutionConfigurationPlatforms) = preSolution
		Debug|x64 = Debug|x64
		Release|x64 = Release|x64
		MinSizeRel|x64 = MinSizeRel|x64
		RelWithDebInfo|x64 = RelWithDebInfo|x64
	EndGlobalSection
	GlobalSection(ProjectConfigurationPlatforms) = postSolution
		{E0F014B5-B064-3B87-B8BF-1C732F22D9F3}.Debug|x64.ActiveCfg = Debug|x64
		{E0F014B5-B064-3B87-B8BF-1C732F22D9F3}.Release|x64.ActiveCfg = Release|x64
		{E0F014B5-B064-3B87-B8BF-1C732F22D9F3}.MinSizeRel|x64.ActiveCfg = MinSizeRel|x64
		{E0F014B5-B064-3B87-B8BF-1C732F22D9F3}.RelWithDebInfo|x64.ActiveCfg = RelWithDebInfo|x64
		{B52F85D0-DFE4-36FA-849D-6B68A0D301DA}.Debug|x64.ActiveCfg = Debug|x64
		{B52F85D0-DFE4-36FA-849D-6B68A0D301DA}.Debug|x64.Build.0 = Debug|x64
		{B52F85D0-DFE4-36FA-849D-6B68A0D301DA}.Release|x64.ActiveCfg = Release|x64
		{B52F85D0-DFE4-36FA-849D-6B68A0D301DA}.Release|x64.Build.0 = Release|x64
		{B52F85D0-DFE4-36FA-849D-6B68A0D301DA}.MinSizeRel|x64.ActiveCfg = MinSizeRel|x64
		{B52F85D0-DFE4-36FA-849D-6B68A0D301DA}.MinSizeRel|x64.Build.0 = MinSizeRel|x64
		{B52F85D0-DFE4-36FA-849D-6B68A0D301DA}.RelWithDebInfo|x64.ActiveCfg = RelWithDebInfo|x64
		{B52F85D0-DFE4-36FA-849D-6B68A0D301DA}.RelWithDebInfo|x64.Build.0 = RelWithDebInfo|x64
		{E9330321-0A95-3E81-9BEC-6DEBF36BA17D}.Debug|x64.ActiveCfg = Debug|x64
		{E9330321-0A95-3E81-9BEC-6DEBF36BA17D}.Debug|x64.Build.0 = Debug|x64
		{E9330321-0A95-3E81-9BEC-6DEBF36BA17D}.Release|x64.ActiveCfg = Release|x64
		{E9330321-0A95-3E81-9BEC-6DEBF36BA17D}.Release|x64.Build.0 = Release|x64
		{E9330321-0A95-3E81-9BEC-6DEBF36BA17D}.MinSizeRel|x64.ActiveCfg = MinSizeRel|x64
		{E9330321-0A95-3E81-9BEC-6DEBF36BA17D}.MinSizeRel|x64.Build.0 = MinSizeRel|x64
		{E9330321-0A95-3E81-9BEC-6DEBF36BA17D}.RelWithDebInfo|x64.ActiveCfg = RelWithDebInfo|x64
		{E9330321-0A95-3E81-9BEC-6DEBF36BA17D}.RelWithDebInfo|x64.Build.0 = RelWithDebInfo|x64
		{12C50A6F-2FEA-3F97-BC21-D85FF6CC869C}.Debug|x64.ActiveCfg = Debug|x64
		{12C50A6F-2FEA-3F97-BC21-D85FF6CC869C}.Debug|x64.Build.0 = Debug|x64
		{12C50A6F-2FEA-3F97-BC21-D85FF6CC869C}.Release|x64.ActiveCfg = Release|x64
		{12C50A6F-2FEA-3F97-BC21-D85FF6CC869C}.Release|x64.Build.0 = Release|x64
		{12C50A6F-2FEA-3F97-BC21-D85FF6CC869C}.MinSizeRel|x64.ActiveCfg = MinSizeRel|x64
		{12C50A6F-2FEA-3F97-BC21-D85FF6CC869C}.MinSizeRel|x64.Build.0 = MinSizeRel|x64
		{12C50A6F-2FEA-3F97-BC21-D85FF6CC869C}.RelWithDebInfo|x64.ActiveCfg = RelWithDebInfo|x64
		{12C50A6F-2FEA-3F97-BC21-D85FF6CC869C}.RelWithDebInfo|x64.Build.0 = RelWithDebInfo|x64
		{2F5CC573-ADCB-307D-893D-CA9D63F4EA7C}.Debug|x64.ActiveCfg = Debug|x64
		{2F5CC573-ADCB-307D-893D-CA9D63F4EA7C}.Debug|x64.Build.0 = Debug|x64
		{2F5CC573-ADCB-307D-893D-CA9D63F4EA7C}.Release|x64.ActiveCfg = Release|x64
		{2F5CC573-ADCB-307D-893D-CA9D63F4EA7C}.Release|x64.Build.0 = Release|x64
		{2F5CC573-ADCB-307D-893D-CA9D63F4EA7C}.MinSizeRel|x64.ActiveCfg = MinSizeRel|x64
		{2F5CC573-ADCB-307D-893D-CA9D63F4EA7C}.MinSizeRel|x64.Build.0 = MinSizeRel|x64
		{2F5CC573-ADCB-307D-893D-CA9D63F4EA7C}.RelWithDebInfo|x64.ActiveCfg = RelWithDebInfo|x64
		{2F5CC573-ADCB-307D-893D-CA9D63F4EA7C}.RelWithDebInfo|x64.Build.0 = RelWithDebInfo|x64
		{8F345698-3F54-3D28-8246-8C6CF491A6CD}.Debug|x64.ActiveCfg = Debug|x64
		{8F345698-3F54-3D28-8246-8C6CF491A6CD}.Debug|x64.Build.0 = Debug|x64
		{8F345698-3F54-3D28-8246-8C6CF491A6CD}.Release|x64.ActiveCfg = Release|x64
		{8F345698-3F54-3D28-8246-8C6CF491A6CD}.Release|x64.Build.0 = Release|x64
		{8F345698-3F54-3D28-8246-8C6CF491A6CD}.MinSizeRel|x64.ActiveCfg = MinSizeRel|x64
		{8F345698-3F54-3D28-8246-8C6CF491A6CD}.MinSizeRel|x64.Build.0 = MinSizeRel|x64
		{8F345698-3F54-3D28-8246-8C6CF491A6CD}.RelWithDebInfo|x64.ActiveCfg = RelWithDebInfo|x64
		{8F345698-3F54-3D28-8246-8C6CF491A6CD}.RelWithDebInfo|x64.Build.0 = RelWithDebInfo|x64
		{55C5791B-8C80-353C-88B9-4A1AEED4407E}.Debug|x64.ActiveCfg = Debug|x64
		{55C5791B-8C80-353C-88B9-4A1AEED4407E}.Debug|x64.Build.0 = Debug|x64
		{55C5791B-8C80-353C-88B9-4A1AEED4407E}.Release|x64.ActiveCfg = Release|x64
		{55C5791B-8C80-353C-88B9-4A1AEED4407E}.Release|x64.Build.0 = Release|x64
		{55C5791B-8C80-353C-88B9-4A1AEED4407E}.MinSizeRel|x64.ActiveCfg = MinSizeRel|x64
		{55C5791B-8C80-353C-88B9-4A1AEED4407E}.MinSizeRel|x64.Build.0 = MinSizeRel|x64
		{55C5791B-8C80-353C-88B9-4A1AEED4407E}.RelWithDebInfo|x64.ActiveCfg = RelWithDebInfo|x64
		{55C5791B-8C80-353C-88B9-4A1AEED4407E}.RelWithDebInfo|x64.Build.0 = RelWithDebInfo|x64
		{77D4AD70-8874-38B9-8D80-5D879940AFD0}.Debug|x64.ActiveCfg = Debug|x64
		{77D4AD70-8874-38B9-8D80-5D879940AFD0}.Debug|x64.Build.0 = Debug|x64
		{77D4AD70-8874-38B9-8D80-5D879940AFD0}.Release|x64.ActiveCfg = Release|x64
		{77D4AD70-8874-38B9-8D80-5D879940AFD0}.Release|x64.Build.0 = Release|x64
		{77D4AD70-8874-38B9-8D80-5D879940AFD0}.MinSizeRel|x64.ActiveCfg = MinSizeRel|x64
		{77D4AD70-8874-38B9-8D80-5D879940AFD0}.MinSizeRel|x64.Build.0 = MinSizeRel|x64
		{77D4AD70-8874-38B9-8D80-5D879940AFD0}.RelWithDebInfo|x64.ActiveCfg = RelWithDebInfo|x64
		{77D4AD70-8874-38B9-8D80-5D879940AFD0}.RelWithDebInfo|x64.Build.0 = RelWithDebInfo|x64
		{33D9696A-66FB-34A7-AA1B-92B68C019A42}.Debug|x64.ActiveCfg = Debug|x64
		{33D9696A-66FB-34A7-AA1B-92B68C019A42}.Debug|x64.Build.0 = Debug|x64
		{33D9696A-66FB-34A7-AA1B-92B68C019A42}.Release|x64.ActiveCfg = Release|x64
		{33D9696A-66FB-34A7-AA1B-92B68C019A42}.Release|x64.Build.0 = Release|x64
		{33D9696A-66FB-34A7-AA1B-92B68C019A42}.MinSizeRel|x64.ActiveCfg = MinSizeRel|x64
		{33D9696A-66FB-34A7-AA1B-92B68C019A42}.MinSizeRel|x64.Build.0 = MinSizeRel|x64
		{33D9696A-66FB-34A7-AA1B-92B68C019A42}.RelWithDebInfo|x64.ActiveCfg = RelWithDebInfo|x64
		{33D9696A-66FB-34A7-AA1B-92B68C019A42}.RelWithDebInfo|x64.Build.0 = RelWithDebInfo|x64
		{70A8D49E-54B3-3BD4-82EC-B895F6375DEF}.Debug|x64.ActiveCfg = Debug|x64
		{70A8D49E-54B3-3BD4-82EC-B895F6375DEF}.Debug|x64.Build.0 = Debug|x64
		{70A8D49E-54B3-3BD4-82EC-B895F6375DEF}.Release|x64.ActiveCfg = Release|x64
		{70A8D49E-54B3-3BD4-82EC-B895F6375DEF}.Release|x64.Build.0 = Release|x64
		{70A8D49E-54B3-3BD4-82EC-B895F6375DEF}.MinSizeRel|x64.ActiveCfg = MinSizeRel|x64
		{70A8D49E-54B3-3BD4-82EC-B895F6375DEF}.MinSizeRel|x64.Build.0 = MinSizeRel|x64
		{70A8D49E-54B3-3BD4-82EC-B895F6375DEF}.RelWithDebInfo|x64.ActiveCfg = RelWithDebInfo|x64
		{70A8D49E-54B3-3BD4-82EC-B895F6375DEF}.RelWithDebInfo|x64.Build.0 = RelWithDebInfo|x64
		{86C1F774-A0F9-36A8-8513-BD502B9C66C5}.Debug|x64.ActiveCfg = Debug|x64
		{86C1F774-A0F9-36A8-8513-BD502B9C66C5}.Debug|x64.Build.0 = Debug|x64
		{86C1F774-A0F9-36A8-8513-BD502B9C66C5}.Release|x64.ActiveCfg = Release|x64
		{86C1F774-A0F9-36A8-8513-BD502B9C66C5}.Release|x64.Build.0 = Release|x64
		{86C1F774-A0F9-36A8-8513-BD502B9C66C5}.MinSizeRel|x64.ActiveCfg = MinSizeRel|x64
		{86C1F774-A0F9-36A8-8513-BD502B9C66C5}.MinSizeRel|x64.Build.0 = MinSizeRel|x64
		{86C1F774-A0F9-36A8-8513-BD502B9C66C5}.RelWithDebInfo|x64.ActiveCfg = RelWithDebInfo|x64
		{86C1F774-A0F9-36A8-8513-BD502B9C66C5}.RelWithDebInfo|x64.Build.0 = RelWithDebInfo|x64
		{8EA0EED3-39B9-332A-A32E-EC9F07FC8D4E}.Debug|x64.ActiveCfg = Debug|x64
		{8EA0EED3-39B9-332A-A32E-EC9F07FC8D4E}.Debug|x64.Build.0 = Debug|x64
		{8EA0EED3-39B9-332A-A32E-EC9F07FC8D4E}.Release|x64.ActiveCfg = Release|x64
		{8EA0EED3-39B9-332A-A32E-EC9F07FC8D4E}.Release|x64.Build.0 = Release|x64
		{8EA0EED3-39B9-332A-A32E-EC9F07FC8D4E}.MinSizeRel|x64.ActiveCfg = MinSizeRel|x64
		{8EA0EED3-39B9-332A-A32E-EC9F07FC8D4E}.MinSizeRel|x64.Build.0 = MinSizeRel|x64
		{8EA0EED3-39B9-332A-A32E-EC9F07FC8D4E}.RelWithDebInfo|x64.ActiveCfg = RelWithDebInfo|x64
		{8EA0EED3-39B9-332A-A32E-EC9F07FC8D4E}.RelWithDebInfo|x64.Build.0 = RelWithDebInfo|x64
		{6442B549-EA04-3C43-A160-C4FF7580A5B7}.Debug|x64.ActiveCfg = Debug|x64
		{6442B549-EA04-3C43-A160-C4FF7580A5B7}.Debug|x64.Build.0 = Debug|x64
		{6442B549-EA04-3C43-A160-C4FF7580A5B7}.Release|x64.ActiveCfg = Release|x64
		{6442B549-EA04-3C43-A160-C4FF7580A5B7}.Release|x64.Build.0 = Release|x64
		{6442B549-EA04-3C43-A160-C4FF7580A5B7}.MinSizeRel|x64.ActiveCfg = MinSizeRel|x64
		{6442B549-EA04-3C43-A160-C4FF7580A5B7}.MinSizeRel|x64.Build.0 = MinSizeRel|x64
		{6442B549-EA04-3C43-A160-C4FF7580A5B7}.RelWithDebInfo|x64.ActiveCfg = RelWithDebInfo|x64
		{6442B549-EA04-3C43-A160-C4FF7580A5B7}.RelWithDebInfo|x64.Build.0 = RelWithDebInfo|x64
		{9A730041-B556-3684-B29F-9138F1039546}.Debug|x64.ActiveCfg = Debug|x64
		{9A730041-B556-3684-B29F-9138F1039546}.Debug|x64.Build.0 = Debug|x64
		{9A730041-B556-3684-B29F-9138F1039546}.Release|x64.ActiveCfg = Release|x64
		{9A730041-B556-3684-B29F-9138F1039546}.Release|x64.Build.0 = Release|x64
		{9A730041-B556-3684-B29F-9138F1039546}.MinSizeRel|x64.ActiveCfg = MinSizeRel|x64
		{9A730041-B556-3684-B29F-9138F1039546}.MinSizeRel|x64.Build.0 = MinSizeRel|x64
		{9A730041-B556-3684-B29F-9138F1039546}.RelWithDebInfo|x64.ActiveCfg = RelWithDebInfo|x64
		{9A730041-B556-3684-B29F-9138F1039546}.RelWithDebInfo|x64.Build.0 = RelWithDebInfo|x64
		{CB6566F1-C2CA-349C-8383-E676A24C1B66}.Debug|x64.ActiveCfg = Debug|x64
		{CB6566F1-C2CA-349C-8383-E676A24C1B66}.Debug|x64.Build.0 = Debug|x64
		{CB6566F1-C2CA-349C-8383-E676A24C1B66}.Release|x64.ActiveCfg = Release|x64
		{CB6566F1-C2CA-349C-8383-E676A24C1B66}.Release|x64.Build.0 = Release|x64
		{CB6566F1-C2CA-349C-8383-E676A24C1B66}.MinSizeRel|x64.ActiveCfg = MinSizeRel|x64
		{CB6566F1-C2CA-349C-8383-E676A24C1B66}.MinSizeRel|x64.Build.0 = MinSizeRel|x64
		{CB6566F1-C2CA-349C-8383-E676A24C1B66}.RelWithDebInfo|x64.ActiveCfg = RelWithDebInfo|x64
		{CB6566F1-C2CA-349C-8383-E676A24C1B66}.RelWithDebInfo|x64.Build.0 = RelWithDebInfo|x64
		{6F6C8C6E-F5F2-3ADC-B4A8-E95C149C6CC1}.Debug|x64.ActiveCfg = Debug|x64
		{6F6C8C6E-F5F2-3ADC-B4A8-E95C149C6CC1}.Debug|x64.Build.0 = Debug|x64
		{6F6C8C6E-F5F2-3ADC-B4A8-E95C149C6CC1}.Release|x64.ActiveCfg = Release|x64
		{6F6C8C6E-F5F2-3ADC-B4A8-E95C149C6CC1}.Release|x64.Build.0 = Release|x64
		{6F6C8C6E-F5F2-3ADC-B4A8-E95C149C6CC1}.MinSizeRel|x64.ActiveCfg = MinSizeRel|x64
		{6F6C8C6E-F5F2-3ADC-B4A8-E95C149C6CC1}.MinSizeRel|x64.Build.0 = MinSizeRel|x64
		{6F6C8C6E-F5F2-3ADC-B4A8-E95C149C6CC1}.RelWithDebInfo|x64.ActiveCfg = RelWithDebInfo|x64
		{6F6C8C6E-F5F2-3ADC-B4A8-E95C149C6CC1}.RelWithDebInfo|x64.Build.0 = RelWithDebInfo|x64
		{92A314F8-BC3C-3971-A3C1-C51DB6ED2821}.Debug|x64.ActiveCfg = Debug|x64
		{92A314F8-BC3C-3971-A3C1-C51DB6ED2821}.Debug|x64.Build.0 = Debug|x64
		{92A314F8-BC3C-3971-A3C1-C51DB6ED2821}.Release|x64.ActiveCfg = Release|x64
		{92A314F8-BC3C-3971-A3C1-C51DB6ED2821}.Release|x64.Build.0 = Release|x64
		{92A314F8-BC3C-3971-A3C1-C51DB6ED2821}.MinSizeRel|x64.ActiveCfg = MinSizeRel|x64
		{92A314F8-BC3C-3971-A3C1-C51DB6ED2821}.MinSizeRel|x64.Build.0 = MinSizeRel|x64
		{92A314F8-BC3C-3971-A3C1-C51DB6ED2821}.RelWithDebInfo|x64.ActiveCfg = RelWithDebInfo|x64
		{92A314F8-BC3C-3971-A3C1-C51DB6ED2821}.RelWithDebInfo|x64.Build.0 = RelWithDebInfo|x64
	EndGlobalSection
	GlobalSection(ExtensibilityGlobals) = postSolution
		SolutionGuid = {1BF66595-8A3F-370F-8173-CA89BDC85F99}
	EndGlobalSection
	GlobalSection(ExtensibilityAddIns) = postSolution
	EndGlobalSection
EndGlobal
