<?xml version="1.0" encoding="utf-8"?>
<Project ToolsVersion="17.0" xmlns="http://schemas.microsoft.com/developer/msbuild/2003">
  <ItemGroup>
    <CustomBuild Include="C:\Users\kazuh\OpenWAM\CMakeFiles\4530076d96df7c538e5b6aa878cb8033\generate.stamp.rule">
      <Filter>CMake Rules</Filter>
    </CustomBuild>
  </ItemGroup>
  <ItemGroup>
    <Filter Include="CMake Rules">
      <UniqueIdentifier>{800287DC-3579-3073-891A-7F2FC785A525}</UniqueIdentifier>
    </Filter>
  </ItemGroup>
</Project>
