<?xml version="1.0" encoding="utf-8"?>
<Project ToolsVersion="17.0" xmlns="http://schemas.microsoft.com/developer/msbuild/2003">
  <ItemGroup>
    <ClCompile Include="C:\Users\kazuh\OpenWAM\Source\Turbocompressor\TAcousticCompressor.cpp">
      <Filter>Source Files</Filter>
    </ClCompile>
    <ClCompile Include="C:\Users\kazuh\OpenWAM\Source\Turbocompressor\TCompIsoReg.cpp">
      <Filter>Source Files</Filter>
    </ClCompile>
    <ClCompile Include="C:\Users\kazuh\OpenWAM\Source\Turbocompressor\TCompresor.cpp">
      <Filter>Source Files</Filter>
    </ClCompile>
    <ClCompile Include="C:\Users\kazuh\OpenWAM\Source\Turbocompressor\TCompresorDep.cpp">
      <Filter>Source Files</Filter>
    </ClCompile>
    <ClCompile Include="C:\Users\kazuh\OpenWAM\Source\Turbocompressor\TCompressorMap.cpp">
      <Filter>Source Files</Filter>
    </ClCompile>
    <ClCompile Include="C:\Users\kazuh\OpenWAM\Source\Turbocompressor\TCompTubDep.cpp">
      <Filter>Source Files</Filter>
    </ClCompile>
    <ClCompile Include="C:\Users\kazuh\OpenWAM\Source\Turbocompressor\TCompTubos.cpp">
      <Filter>Source Files</Filter>
    </ClCompile>
    <ClCompile Include="C:\Users\kazuh\OpenWAM\Source\Turbocompressor\TEffCorrector.cpp">
      <Filter>Source Files</Filter>
    </ClCompile>
    <ClCompile Include="C:\Users\kazuh\OpenWAM\Source\Turbocompressor\TEjeTurbogrupo.cpp">
      <Filter>Source Files</Filter>
    </ClCompile>
    <ClCompile Include="C:\Users\kazuh\OpenWAM\Source\Turbocompressor\TInterpMapaComp.cpp">
      <Filter>Source Files</Filter>
    </ClCompile>
    <ClCompile Include="C:\Users\kazuh\OpenWAM\Source\Turbocompressor\TMapaComp.cpp">
      <Filter>Source Files</Filter>
    </ClCompile>
    <ClCompile Include="C:\Users\kazuh\OpenWAM\Source\Turbocompressor\TMapaComp2Tub.cpp">
      <Filter>Source Files</Filter>
    </ClCompile>
    <ClCompile Include="C:\Users\kazuh\OpenWAM\Source\Turbocompressor\TNewMapComp.cpp">
      <Filter>Source Files</Filter>
    </ClCompile>
    <ClCompile Include="C:\Users\kazuh\OpenWAM\Source\Turbocompressor\TSAEMap.cpp">
      <Filter>Source Files</Filter>
    </ClCompile>
  </ItemGroup>
  <ItemGroup>
    <CustomBuild Include="C:\Users\kazuh\OpenWAM\Source\Turbocompressor\CMakeLists.txt" />
  </ItemGroup>
  <ItemGroup>
    <Filter Include="Source Files">
      <UniqueIdentifier>{FC5B56A8-93AA-31DC-87BD-73B32BF9695A}</UniqueIdentifier>
    </Filter>
  </ItemGroup>
</Project>
